Microsoft Visual Studio Solution File, Format Version 12.00
# Visual Studio Version 18
VisualStudioVersion = 18.3.11222.16 d18.3
MinimumVisualStudioVersion = 10.0.40219.1
Project("{9A19103F-16F7-4668-BE54-9A1E7A4F7556}") = "WorkflowCore", "src\ProjectLibrary.Workflow\WorkflowCore.csproj", "{50060364-2E74-4442-A544-D172D2DDB0BC}"
EndProject
Project("{9A19103F-16F7-4668-BE54-9A1E7A4F7556}") = "WorkflowCore.IntegrationTests", "tests\WorkflowCore.IntegrationTests\WorkflowCore.IntegrationTests.csproj", "{97507ADA-C17C-46E6-A68F-C52DADA2E800}"
EndProject
Global
	GlobalSection(SolutionConfigurationPlatforms) = preSolution
		Debug|Any CPU = Debug|Any CPU
		Release|Any CPU = Release|Any CPU
	EndGlobalSection
	GlobalSection(ProjectConfigurationPlatforms) = postSolution
		{50060364-2E74-4442-A544-D172D2DDB0BC}.Debug|Any CPU.ActiveCfg = Debug|Any CPU
		{50060364-2E74-4442-A544-D172D2DDB0BC}.Debug|Any CPU.Build.0 = Debug|Any CPU
		{50060364-2E74-4442-A544-D172D2DDB0BC}.Release|Any CPU.ActiveCfg = Release|Any CPU
		{50060364-2E74-4442-A544-D172D2DDB0BC}.Release|Any CPU.Build.0 = Release|Any CPU
		{97507ADA-C17C-46E6-A68F-C52DADA2E800}.Debug|Any CPU.ActiveCfg = Debug|Any CPU
		{97507ADA-C17C-46E6-A68F-C52DADA2E800}.Debug|Any CPU.Build.0 = Debug|Any CPU
		{97507ADA-C17C-46E6-A68F-C52DADA2E800}.Release|Any CPU.ActiveCfg = Release|Any CPU
		{97507ADA-C17C-46E6-A68F-C52DADA2E800}.Release|Any CPU.Build.0 = Release|Any CPU
	EndGlobalSection
	GlobalSection(SolutionProperties) = preSolution
		HideSolutionNode = FALSE
	EndGlobalSection
	GlobalSection(ExtensibilityGlobals) = postSolution
		SolutionGuid = {8745F72B-7ADF-4F62-9750-5E8A770D3369}
	EndGlobalSection
EndGlobal
